{
  "version": 4,
  "terraform_version": "1.9.2",
  "serial": 95,
  "lineage": "7688051b-cb78-ae7a-1242-6603605f0f57",
  "outputs": {},
  "resources": [
    {
      "mode": "managed",
      "type": "azurerm_network_interface_security_group_association",
      "name": "nsg_association",
      "provider": "provider[\"registry.terraform.io/hashicorp/azurerm\"]",
      "instances": [
        {
          "schema_version": 0,
          "attributes": {
            "id": "/subscriptions/808530ff-b576-4740-be68-e9d30cd8a533/resourceGroups/wordpress-rg/providers/Microsoft.Network/networkInterfaces/wordpress-nic|/subscriptions/808530ff-b576-4740-be68-e9d30cd8a533/resourceGroups/wordpress-rg/providers/Microsoft.Network/networkSecurityGroups/wordpress-nsg",
            "network_interface_id": "/subscriptions/808530ff-b576-4740-be68-e9d30cd8a533/resourceGroups/wordpress-rg/providers/Microsoft.Network/networkInterfaces/wordpress-nic",
            "network_security_group_id": "/subscriptions/808530ff-b576-4740-be68-e9d30cd8a533/resourceGroups/wordpress-rg/providers/Microsoft.Network/networkSecurityGroups/wordpress-nsg",
            "timeouts": null
          },
          "sensitive_attributes": [],
          "private": "eyJlMmJmYjczMC1lY2FhLTExZTYtOGY4OC0zNDM2M2JjN2M0YzAiOnsiY3JlYXRlIjoxODAwMDAwMDAwMDAwLCJkZWxldGUiOjE4MDAwMDAwMDAwMDAsInJlYWQiOjMwMDAwMDAwMDAwMH19",
          "dependencies": [
            "azurerm_network_security_group.nsg",
            "azurerm_resource_group.rg",
            "module.network.azurerm_network_interface.nic",
            "module.network.azurerm_public_ip.public_ip",
            "module.network.azurerm_subnet.subnet",
            "module.network.azurerm_virtual_network.vnet"
          ]
        }
      ]
    },
    {
      "mode": "managed",
      "type": "azurerm_network_security_group",
      "name": "nsg",
      "provider": "provider[\"registry.terraform.io/hashicorp/azurerm\"]",
      "instances": [
        {
          "schema_version": 0,
          "attributes": {
            "id": "/subscriptions/808530ff-b576-4740-be68-e9d30cd8a533/resourceGroups/wordpress-rg/providers/Microsoft.Network/networkSecurityGroups/wordpress-nsg",
            "location": "eastus",
            "name": "wordpress-nsg",
            "resource_group_name": "wordpress-rg",
            "security_rule": [
              {
                "access": "Allow",
                "description": "Allow HTTP access",
                "destination_address_prefix": "*",
                "destination_address_prefixes": [],
                "destination_application_security_group_ids": [],
                "destination_port_range": "80",
                "destination_port_ranges": [],
                "direction": "Inbound",
                "name": "Allow-HTTP",
                "priority": 1002,
                "protocol": "Tcp",
                "source_address_prefix": "0.0.0.0/0",
                "source_address_prefixes": [],
                "source_application_security_group_ids": [],
                "source_port_range": "*",
                "source_port_ranges": []
              },
              {
                "access": "Allow",
                "description": "Allow HTTPS access",
                "destination_address_prefix": "*",
                "destination_address_prefixes": [],
                "destination_application_security_group_ids": [],
                "destination_port_range": "443",
                "destination_port_ranges": [],
                "direction": "Inbound",
                "name": "Allow-HTTPS",
                "priority": 1003,
                "protocol": "Tcp",
                "source_address_prefix": "0.0.0.0/0",
                "source_address_prefixes": [],
                "source_application_security_group_ids": [],
                "source_port_range": "*",
                "source_port_ranges": []
              },
              {
                "access": "Allow",
                "description": "Allow MySQL access",
                "destination_address_prefix": "*",
                "destination_address_prefixes": [],
                "destination_application_security_group_ids": [],
                "destination_port_range": "3306",
                "destination_port_ranges": [],
                "direction": "Inbound",
                "name": "Allow-MySQL",
                "priority": 1005,
                "protocol": "Tcp",
                "source_address_prefix": "0.0.0.0/0",
                "source_address_prefixes": [],
                "source_application_security_group_ids": [],
                "source_port_range": "*",
                "source_port_ranges": []
              },
              {
                "access": "Allow",
                "description": "Allow SSH access",
                "destination_address_prefix": "*",
                "destination_address_prefixes": [],
                "destination_application_security_group_ids": [],
                "destination_port_range": "22",
                "destination_port_ranges": [],
                "direction": "Inbound",
                "name": "Allow-SSH",
                "priority": 1001,
                "protocol": "Tcp",
                "source_address_prefix": "0.0.0.0/0",
                "source_address_prefixes": [],
                "source_application_security_group_ids": [],
                "source_port_range": "*",
                "source_port_ranges": []
              },
              {
                "access": "Allow",
                "description": "Allow all outbound traffic",
                "destination_address_prefix": "0.0.0.0/0",
                "destination_address_prefixes": [],
                "destination_application_security_group_ids": [],
                "destination_port_range": "*",
                "destination_port_ranges": [],
                "direction": "Outbound",
                "name": "Allow-All-Outbound",
                "priority": 1004,
                "protocol": "*",
                "source_address_prefix": "*",
                "source_address_prefixes": [],
                "source_application_security_group_ids": [],
                "source_port_range": "*",
                "source_port_ranges": []
              }
            ],
            "tags": null,
            "timeouts": null
          },
          "sensitive_attributes": [],
          "private": "eyJlMmJmYjczMC1lY2FhLTExZTYtOGY4OC0zNDM2M2JjN2M0YzAiOnsiY3JlYXRlIjoxODAwMDAwMDAwMDAwLCJkZWxldGUiOjE4MDAwMDAwMDAwMDAsInJlYWQiOjMwMDAwMDAwMDAwMCwidXBkYXRlIjoxODAwMDAwMDAwMDAwfX0=",
          "dependencies": [
            "azurerm_resource_group.rg"
          ]
        }
      ]
    },
    {
      "mode": "managed",
      "type": "azurerm_resource_group",
      "name": "rg",
      "provider": "provider[\"registry.terraform.io/hashicorp/azurerm\"]",
      "instances": [
        {
          "schema_version": 0,
          "attributes": {
            "id": "/subscriptions/808530ff-b576-4740-be68-e9d30cd8a533/resourceGroups/wordpress-rg",
            "location": "eastus",
            "managed_by": "",
            "name": "wordpress-rg",
            "tags": null,
            "timeouts": null
          },
          "sensitive_attributes": [],
          "private": "eyJlMmJmYjczMC1lY2FhLTExZTYtOGY4OC0zNDM2M2JjN2M0YzAiOnsiY3JlYXRlIjo1NDAwMDAwMDAwMDAwLCJkZWxldGUiOjU0MDAwMDAwMDAwMDAsInJlYWQiOjMwMDAwMDAwMDAwMCwidXBkYXRlIjo1NDAwMDAwMDAwMDAwfX0="
        }
      ]
    },
    {
      "module": "module.network",
      "mode": "managed",
      "type": "azurerm_network_interface",
      "name": "nic",
      "provider": "provider[\"registry.terraform.io/hashicorp/azurerm\"]",
      "instances": [
        {
          "schema_version": 0,
          "attributes": {
            "accelerated_networking_enabled": false,
            "applied_dns_servers": [],
            "auxiliary_mode": "",
            "auxiliary_sku": "",
            "dns_servers": [],
            "edge_zone": "",
            "enable_accelerated_networking": false,
            "enable_ip_forwarding": false,
            "id": "/subscriptions/808530ff-b576-4740-be68-e9d30cd8a533/resourceGroups/wordpress-rg/providers/Microsoft.Network/networkInterfaces/wordpress-nic",
            "internal_dns_name_label": "",
            "internal_domain_name_suffix": "xqskpvppqumunpckj0ykb5wkpb.bx.internal.cloudapp.net",
            "ip_configuration": [
              {
                "gateway_load_balancer_frontend_ip_configuration_id": "",
                "name": "wordpress-ip-config",
                "primary": true,
                "private_ip_address": "10.0.1.4",
                "private_ip_address_allocation": "Dynamic",
                "private_ip_address_version": "IPv4",
                "public_ip_address_id": "/subscriptions/808530ff-b576-4740-be68-e9d30cd8a533/resourceGroups/wordpress-rg/providers/Microsoft.Network/publicIPAddresses/wordpress-ip_public",
                "subnet_id": "/subscriptions/808530ff-b576-4740-be68-e9d30cd8a533/resourceGroups/wordpress-rg/providers/Microsoft.Network/virtualNetworks/wordpress-vnet/subnets/wordpress-subnet"
              }
            ],
            "ip_forwarding_enabled": false,
            "location": "eastus",
            "mac_address": "",
            "name": "wordpress-nic",
            "private_ip_address": "10.0.1.4",
            "private_ip_addresses": [
              "10.0.1.4"
            ],
            "resource_group_name": "wordpress-rg",
            "tags": null,
            "timeouts": null,
            "virtual_machine_id": ""
          },
          "sensitive_attributes": [],
          "private": "eyJlMmJmYjczMC1lY2FhLTExZTYtOGY4OC0zNDM2M2JjN2M0YzAiOnsiY3JlYXRlIjoxODAwMDAwMDAwMDAwLCJkZWxldGUiOjE4MDAwMDAwMDAwMDAsInJlYWQiOjMwMDAwMDAwMDAwMCwidXBkYXRlIjoxODAwMDAwMDAwMDAwfX0=",
          "dependencies": [
            "azurerm_resource_group.rg",
            "module.network.azurerm_public_ip.public_ip",
            "module.network.azurerm_subnet.subnet",
            "module.network.azurerm_virtual_network.vnet"
          ]
        }
      ]
    },
    {
      "module": "module.network",
      "mode": "managed",
      "type": "azurerm_public_ip",
      "name": "public_ip",
      "provider": "provider[\"registry.terraform.io/hashicorp/azurerm\"]",
      "instances": [
        {
          "schema_version": 0,
          "attributes": {
            "allocation_method": "Static",
            "ddos_protection_mode": "VirtualNetworkInherited",
            "ddos_protection_plan_id": null,
            "domain_name_label": null,
            "edge_zone": "",
            "fqdn": null,
            "id": "/subscriptions/808530ff-b576-4740-be68-e9d30cd8a533/resourceGroups/wordpress-rg/providers/Microsoft.Network/publicIPAddresses/wordpress-ip_public",
            "idle_timeout_in_minutes": 4,
            "ip_address": "40.117.95.122",
            "ip_tags": null,
            "ip_version": "IPv4",
            "location": "eastus",
            "name": "wordpress-ip_public",
            "public_ip_prefix_id": null,
            "resource_group_name": "wordpress-rg",
            "reverse_fqdn": null,
            "sku": "Basic",
            "sku_tier": "Regional",
            "tags": {
              "environment": "Production"
            },
            "timeouts": null,
            "zones": null
          },
          "sensitive_attributes": [],
          "private": "eyJlMmJmYjczMC1lY2FhLTExZTYtOGY4OC0zNDM2M2JjN2M0YzAiOnsiY3JlYXRlIjoxODAwMDAwMDAwMDAwLCJkZWxldGUiOjE4MDAwMDAwMDAwMDAsInJlYWQiOjMwMDAwMDAwMDAwMCwidXBkYXRlIjoxODAwMDAwMDAwMDAwfX0=",
          "dependencies": [
            "azurerm_resource_group.rg"
          ]
        }
      ]
    },
    {
      "module": "module.network",
      "mode": "managed",
      "type": "azurerm_subnet",
      "name": "subnet",
      "provider": "provider[\"registry.terraform.io/hashicorp/azurerm\"]",
      "instances": [
        {
          "schema_version": 0,
          "attributes": {
            "address_prefixes": [
              "10.0.1.0/24"
            ],
            "default_outbound_access_enabled": true,
            "delegation": [],
            "enforce_private_link_endpoint_network_policies": false,
            "enforce_private_link_service_network_policies": false,
            "id": "/subscriptions/808530ff-b576-4740-be68-e9d30cd8a533/resourceGroups/wordpress-rg/providers/Microsoft.Network/virtualNetworks/wordpress-vnet/subnets/wordpress-subnet",
            "name": "wordpress-subnet",
            "private_endpoint_network_policies": "Enabled",
            "private_endpoint_network_policies_enabled": true,
            "private_link_service_network_policies_enabled": true,
            "resource_group_name": "wordpress-rg",
            "service_endpoint_policy_ids": null,
            "service_endpoints": null,
            "timeouts": null,
            "virtual_network_name": "wordpress-vnet"
          },
          "sensitive_attributes": [],
          "private": "eyJlMmJmYjczMC1lY2FhLTExZTYtOGY4OC0zNDM2M2JjN2M0YzAiOnsiY3JlYXRlIjoxODAwMDAwMDAwMDAwLCJkZWxldGUiOjE4MDAwMDAwMDAwMDAsInJlYWQiOjMwMDAwMDAwMDAwMCwidXBkYXRlIjoxODAwMDAwMDAwMDAwfX0=",
          "dependencies": [
            "azurerm_resource_group.rg",
            "module.network.azurerm_virtual_network.vnet"
          ]
        }
      ]
    },
    {
      "module": "module.network",
      "mode": "managed",
      "type": "azurerm_virtual_network",
      "name": "vnet",
      "provider": "provider[\"registry.terraform.io/hashicorp/azurerm\"]",
      "instances": [
        {
          "schema_version": 0,
          "attributes": {
            "address_space": [
              "10.0.0.0/16"
            ],
            "bgp_community": "",
            "ddos_protection_plan": [],
            "dns_servers": [],
            "edge_zone": "",
            "encryption": [],
            "flow_timeout_in_minutes": 0,
            "guid": "d5a724bc-85ef-4619-bc4a-4eb0a0feca79",
            "id": "/subscriptions/808530ff-b576-4740-be68-e9d30cd8a533/resourceGroups/wordpress-rg/providers/Microsoft.Network/virtualNetworks/wordpress-vnet",
            "location": "eastus",
            "name": "wordpress-vnet",
            "resource_group_name": "wordpress-rg",
            "subnet": [],
            "tags": null,
            "timeouts": null
          },
          "sensitive_attributes": [],
          "private": "eyJlMmJmYjczMC1lY2FhLTExZTYtOGY4OC0zNDM2M2JjN2M0YzAiOnsiY3JlYXRlIjoxODAwMDAwMDAwMDAwLCJkZWxldGUiOjE4MDAwMDAwMDAwMDAsInJlYWQiOjMwMDAwMDAwMDAwMCwidXBkYXRlIjoxODAwMDAwMDAwMDAwfX0=",
          "dependencies": [
            "azurerm_resource_group.rg"
          ]
        }
      ]
    },
    {
      "module": "module.vm",
      "mode": "managed",
      "type": "azurerm_linux_virtual_machine",
      "name": "vm",
      "provider": "provider[\"registry.terraform.io/hashicorp/azurerm\"]",
      "instances": [
        {
          "schema_version": 0,
          "attributes": {
            "additional_capabilities": [],
            "admin_password": "VamosPraCima!123",
            "admin_ssh_key": [],
            "admin_username": "kassia",
            "allow_extension_operations": true,
            "availability_set_id": "",
            "boot_diagnostics": [],
            "bypass_platform_safety_checks_on_user_schedule_enabled": false,
            "capacity_reservation_group_id": "",
            "computer_name": "wordpressvm",
            "custom_data": "IyEvYmluL2Jhc2gKCiMgQXR1YWxpemFyIHBhY290ZXMgZSBzaXN0ZW1hCnN1ZG8gYXB0LWdldCB1cGRhdGUKc3VkbyBhcHQtZ2V0IHVwZ3JhZGUgLXkKCiMgSW5zdGFsYXIgRG9ja2VyCnN1ZG8gYXB0LWdldCBpbnN0YWxsIGRvY2tlci5pbyAteQpzdWRvIHN5c3RlbWN0bCBlbmFibGUgLS1ub3cgZG9ja2VyCnN1ZG8gc3lzdGVtY3RsIHN0YXJ0IGRvY2tlcgoKIyBJbnN0YWxhciBEb2NrZXIgQ29tcG9zZQpzdWRvIGN1cmwgLUwgImh0dHBzOi8vZ2l0aHViLmNvbS9kb2NrZXIvY29tcG9zZS9yZWxlYXNlcy9kb3dubG9hZC8xLjI5LjIvZG9ja2VyLWNvbXBvc2UtJCh1bmFtZSAtcyktJCh1bmFtZSAtbSkiIC1vIC91c3IvbG9jYWwvYmluL2RvY2tlci1jb21wb3NlCnN1ZG8gY2htb2QgK3ggL3Vzci9sb2NhbC9iaW4vZG9ja2VyLWNvbXBvc2UKCiMgQ3JpYXIgZGlyZXTDs3JpbyBwYXJhIGFycXVpdm9zIERvY2tlcgpta2RpciAtcCB+L2RvY2tlcl93b3JkcHJlc3MKY2Qgfi9kb2NrZXJfd29yZHByZXNzCgojIENyaWFyIGFycXVpdm9zIGRlIHNlZ3JlZG9zCmVjaG8gIkdBdWQ0bVpieThGM1NENlAiID4gLi9teXNxbF9yb290X3Bhc3N3b3JkLnR4dAplY2hvICJHQXVkNG1aYnk4RjNTRDZQIiA+IC4vd29yZHByZXNzX2RiX3Bhc3N3b3JkLnR4dAoKIyBDcmlhciBhcnF1aXZvIGRvY2tlci1jb21wb3NlLnltbApjYXQgPDxFT0YgPiBkb2NrZXItY29tcG9zZS55bWwKdmVyc2lvbjogJzMuOCcKCnNlcnZpY2VzOgogIHdvcmRwcmVzczoKICAgIGltYWdlOiB3b3JkcHJlc3M6bGF0ZXN0CiAgICByZXN0YXJ0OiBhbHdheXMKICAgIHBvcnRzOgogICAgICAtICI4MDo4MCIKICAgIGVudmlyb25tZW50OgogICAgICBXT1JEUFJFU1NfREJfSE9TVDogZGIKICAgICAgV09SRFBSRVNTX0RCX1VTRVI6IHJvb3QKICAgICAgV09SRFBSRVNTX0RCX1BBU1NXT1JEX0ZJTEU6IC9ydW4vc2VjcmV0cy93b3JkcHJlc3NfZGJfcGFzc3dvcmQKICAgICAgV09SRFBSRVNTX0RCX05BTUU6IHdvcmRwcmVzcwogICAgdm9sdW1lczoKICAgICAgLSB3b3JkcHJlc3M6L3Zhci93d3cvaHRtbAogICAgc2VjcmV0czoKICAgICAgLSB3b3JkcHJlc3NfZGJfcGFzc3dvcmQKCiAgZGI6CiAgICBpbWFnZTogbXlzcWw6NS43CiAgICByZXN0YXJ0OiBhbHdheXMKICAgIGVudmlyb25tZW50OgogICAgICBNWVNRTF9ST09UX1BBU1NXT1JEX0ZJTEU6IC9ydW4vc2VjcmV0cy9teXNxbF9yb290X3Bhc3N3b3JkCiAgICAgIE1ZU1FMX0RBVEFCQVNFOiB3b3JkcHJlc3MKICAgIHZvbHVtZXM6CiAgICAgIC0gZGJfZGF0YTovdmFyL2xpYi9teXNxbAogICAgc2VjcmV0czoKICAgICAgLSBteXNxbF9yb290X3Bhc3N3b3JkCgp2b2x1bWVzOgogIHdvcmRwcmVzczoKICBkYl9kYXRhOgoKc2VjcmV0czoKICBteXNxbF9yb290X3Bhc3N3b3JkOgogICAgZmlsZTogLi9teXNxbF9yb290X3Bhc3N3b3JkLnR4dAogIHdvcmRwcmVzc19kYl9wYXNzd29yZDoKICAgIGZpbGU6IC4vd29yZHByZXNzX2RiX3Bhc3N3b3JkLnR4dApFT0YKCiMgU3ViaXIgY29udGFpbmVycyBjb20gRG9ja2VyIENvbXBvc2UKc3VkbyBkb2NrZXItY29tcG9zZSB1cCAtZAoKIyBFc3BlcmFyIGFsZ3VucyBzZWd1bmRvcyBwYXJhIGdhcmFudGlyIHF1ZSBvcyBjb250YWluZXJzIGVzdMOjbyBpbmljaWFsaXphZG9zCnNsZWVwIDMwCgojIFZlcmlmaWNhciBvIHN0YXR1cyBkb3MgY29udGFpbmVycwpzdWRvIGRvY2tlci1jb21wb3NlIHBzCgo=",
            "dedicated_host_group_id": "",
            "dedicated_host_id": "",
            "disable_password_authentication": false,
            "disk_controller_type": "",
            "edge_zone": "",
            "encryption_at_host_enabled": false,
            "eviction_policy": "",
            "extensions_time_budget": "PT1H30M",
            "gallery_application": [],
            "id": "/subscriptions/808530ff-b576-4740-be68-e9d30cd8a533/resourceGroups/wordpress-rg/providers/Microsoft.Compute/virtualMachines/wordpress-vm",
            "identity": [],
            "license_type": "",
            "location": "eastus",
            "max_bid_price": -1,
            "name": "wordpress-vm",
            "network_interface_ids": [
              "/subscriptions/808530ff-b576-4740-be68-e9d30cd8a533/resourceGroups/wordpress-rg/providers/Microsoft.Network/networkInterfaces/wordpress-nic"
            ],
            "os_disk": [
              {
                "caching": "ReadWrite",
                "diff_disk_settings": [],
                "disk_encryption_set_id": "",
                "disk_size_gb": 30,
                "name": "wordpress-vm_disk1_738aca59975e452d90243db5657c0428",
                "secure_vm_disk_encryption_set_id": "",
                "security_encryption_type": "",
                "storage_account_type": "Standard_LRS",
                "write_accelerator_enabled": false
              }
            ],
            "os_image_notification": [],
            "patch_assessment_mode": "ImageDefault",
            "patch_mode": "ImageDefault",
            "plan": [],
            "platform_fault_domain": -1,
            "priority": "Regular",
            "private_ip_address": "10.0.1.4",
            "private_ip_addresses": [
              "10.0.1.4"
            ],
            "provision_vm_agent": true,
            "proximity_placement_group_id": "",
            "public_ip_address": "40.117.95.122",
            "public_ip_addresses": [
              "40.117.95.122"
            ],
            "reboot_setting": "",
            "resource_group_name": "wordpress-rg",
            "secret": [],
            "secure_boot_enabled": false,
            "size": "Standard_B1s",
            "source_image_id": "",
            "source_image_reference": [
              {
                "offer": "UbuntuServer",
                "publisher": "Canonical",
                "sku": "18.04-LTS",
                "version": "latest"
              }
            ],
            "tags": {
              "environment": "Development"
            },
            "termination_notification": null,
            "timeouts": null,
            "user_data": "",
            "virtual_machine_id": "8c8d9f91-2371-4fc7-90ef-0e5c2d8f519d",
            "virtual_machine_scale_set_id": "",
            "vm_agent_platform_updates_enabled": false,
            "vtpm_enabled": false,
            "zone": ""
          },
          "sensitive_attributes": [
            [
              {
                "type": "get_attr",
                "value": "custom_data"
              }
            ],
            [
              {
                "type": "get_attr",
                "value": "admin_username"
              }
            ],
            [
              {
                "type": "get_attr",
                "value": "admin_password"
              }
            ]
          ],
          "private": "eyJlMmJmYjczMC1lY2FhLTExZTYtOGY4OC0zNDM2M2JjN2M0YzAiOnsiY3JlYXRlIjoyNzAwMDAwMDAwMDAwLCJkZWxldGUiOjI3MDAwMDAwMDAwMDAsInJlYWQiOjMwMDAwMDAwMDAwMCwidXBkYXRlIjoyNzAwMDAwMDAwMDAwfX0=",
          "dependencies": [
            "azurerm_resource_group.rg",
            "module.network.azurerm_network_interface.nic",
            "module.network.azurerm_public_ip.public_ip",
            "module.network.azurerm_subnet.subnet",
            "module.network.azurerm_virtual_network.vnet"
          ]
        }
      ]
    }
  ],
  "check_results": null
}
